<?xml version="1.0" encoding="utf-8"?>
<Project ToolsVersion="4.0" xmlns="http://schemas.microsoft.com/developer/msbuild/2003">
  <ItemGroup>
    <Filter Include="Source Files">
      <UniqueIdentifier>{4FC737F1-C7A5-4376-A066-2A32D752A2FF}</UniqueIdentifier>
      <Extensions>cpp;c;cc;cxx;def;odl;idl;hpj;bat;asm;asmx</Extensions>
    </Filter>
    <Filter Include="Header Files">
      <UniqueIdentifier>{93995380-89BD-4b04-88EB-625FBE52EBFB}</UniqueIdentifier>
      <Extensions>h;hpp;hxx;hm;inl;inc;xsd</Extensions>
    </Filter>
    <Filter Include="Resource Files">
      <UniqueIdentifier>{67DA6AB6-F800-4c08-8B7A-83BB121AAD01}</UniqueIdentifier>
      <Extensions>rc;ico;cur;bmp;dlg;rc2;rct;bin;rgs;gif;jpg;jpeg;jpe;resx;tiff;tif;png;wav;mfcribbon-ms</Extensions>
    </Filter>
    <Filter Include="Header Files\Telas">
      <UniqueIdentifier>{a157c972-24d0-4f2d-afbf-70c53d68e8e4}</UniqueIdentifier>
    </Filter>
    <Filter Include="Header Files\Atores">
      <UniqueIdentifier>{e2681a69-9f7f-4b09-be61-309592aa5210}</UniqueIdentifier>
    </Filter>
    <Filter Include="Source Files\Atores">
      <UniqueIdentifier>{a53e7740-89c4-4236-9d9b-7d724d87a7b1}</UniqueIdentifier>
    </Filter>
    <Filter Include="Source Files\Telas">
      <UniqueIdentifier>{d05cab76-26c9-4f6a-ae14-97fed78477b3}</UniqueIdentifier>
    </Filter>
    <Filter Include="Header Files\Menus">
      <UniqueIdentifier>{13037ed8-3ea2-491d-8f9c-1fe6e19b9dd0}</UniqueIdentifier>
    </Filter>
    <Filter Include="Source Files\Menus">
      <UniqueIdentifier>{fae361ff-70eb-48a9-aed1-1c21bdaa705b}</UniqueIdentifier>
    </Filter>
    <Filter Include="Resource Files\fonte">
      <UniqueIdentifier>{9f8d4060-26eb-4cea-8e83-5780e06c308c}</UniqueIdentifier>
    </Filter>
    <Filter Include="Header Files\Atores\Inimigos">
      <UniqueIdentifier>{60e5a76e-ffbc-48af-b04b-ed18d73df29b}</UniqueIdentifier>
    </Filter>
    <Filter Include="Header Files\Atores\Torres">
      <UniqueIdentifier>{674776ab-46bf-44c1-87bc-8597ba6f8c05}</UniqueIdentifier>
    </Filter>
    <Filter Include="Header Files\Atores\Projéteis">
      <UniqueIdentifier>{0fb3cd4d-a6c2-44f0-b2e1-269f427da707}</UniqueIdentifier>
    </Filter>
    <Filter Include="Source Files\Atores\Projéteis">
      <UniqueIdentifier>{5bc52ec6-48f1-4283-b4ad-8d9cdff40978}</UniqueIdentifier>
    </Filter>
    <Filter Include="Source Files\Atores\Inimigos">
      <UniqueIdentifier>{fc50bc85-7cf4-4c8c-b6d4-b5976e3d1551}</UniqueIdentifier>
    </Filter>
    <Filter Include="Source Files\Atores\Torres">
      <UniqueIdentifier>{7e57d43a-7f71-49b0-b86a-0be9f16745a2}</UniqueIdentifier>
    </Filter>
  </ItemGroup>
  <ItemGroup>
    <ClCompile Include="GameLoop.cpp">
      <Filter>Source Files</Filter>
    </ClCompile>
    <ClCompile Include="Mapa.cpp">
      <Filter>Source Files</Filter>
    </ClCompile>
    <ClCompile Include="Source.cpp">
      <Filter>Source Files</Filter>
    </ClCompile>
    <ClCompile Include="c2d2f.cpp">
      <Filter>Source Files</Filter>
    </ClCompile>
    <ClCompile Include="Ator.cpp">
      <Filter>Source Files\Atores</Filter>
    </ClCompile>
    <ClCompile Include="GerenteAtor.cpp">
      <Filter>Source Files\Atores</Filter>
    </ClCompile>
    <ClCompile Include="GerenteTela.cpp">
      <Filter>Source Files\Telas</Filter>
    </ClCompile>
    <ClCompile Include="TowerDefense.cpp">
      <Filter>Source Files\Telas</Filter>
    </ClCompile>
    <ClCompile Include="MapEditor.cpp">
      <Filter>Source Files\Telas</Filter>
    </ClCompile>
    <ClCompile Include="MenuInicial.cpp">
      <Filter>Source Files\Telas</Filter>
    </ClCompile>
    <ClCompile Include="Menu.cpp">
      <Filter>Source Files\Menus</Filter>
    </ClCompile>
    <ClCompile Include="MenuToggle.cpp">
      <Filter>Source Files\Menus</Filter>
    </ClCompile>
    <ClCompile Include="MenuText.cpp">
      <Filter>Source Files\Menus</Filter>
    </ClCompile>
    <ClCompile Include="MenuButton.cpp">
      <Filter>Source Files\Menus</Filter>
    </ClCompile>
    <ClCompile Include="color.cpp">
      <Filter>Source Files</Filter>
    </ClCompile>
    <ClCompile Include="ProjetilExemplo.cpp">
      <Filter>Source Files\Atores\Projéteis</Filter>
    </ClCompile>
    <ClCompile Include="Projetil.cpp">
      <Filter>Source Files\Atores\Projéteis</Filter>
    </ClCompile>
    <ClCompile Include="Inimigo.cpp">
      <Filter>Source Files\Atores\Inimigos</Filter>
    </ClCompile>
    <ClCompile Include="InimigoDemo.cpp">
      <Filter>Source Files\Atores\Inimigos</Filter>
    </ClCompile>
    <ClCompile Include="InimigoExemplo.cpp">
      <Filter>Source Files\Atores\Inimigos</Filter>
    </ClCompile>
    <ClCompile Include="TorreExemplo.cpp">
      <Filter>Source Files\Atores\Torres</Filter>
    </ClCompile>
    <ClCompile Include="Torre.cpp">
      <Filter>Source Files\Atores\Torres</Filter>
    </ClCompile>
    <ClCompile Include="Torre2.cpp">
      <Filter>Source Files\Atores\Torres</Filter>
    </ClCompile>
    <ClCompile Include="TorreDemo.cpp">
      <Filter>Source Files\Atores\Torres</Filter>
    </ClCompile>
    <ClCompile Include="Coin.cpp">
      <Filter>Source Files\Atores</Filter>
    </ClCompile>
    <ClCompile Include="Tutorial.cpp">
      <Filter>Source Files\Telas</Filter>
    </ClCompile>
    <ClCompile Include="TDBase.cpp">
      <Filter>Source Files\Telas</Filter>
    </ClCompile>
    <ClCompile Include="ProjetilSplash.cpp">
      <Filter>Source Files\Atores\Projéteis</Filter>
    </ClCompile>
  </ItemGroup>
  <ItemGroup>
    <ClInclude Include="GameLoop.h">
      <Filter>Header Files</Filter>
    </ClInclude>
    <ClInclude Include="Mapa.h">
      <Filter>Header Files</Filter>
    </ClInclude>
    <ClInclude Include="c2d2f.h">
      <Filter>Header Files</Filter>
    </ClInclude>
    <ClInclude Include="globalDef.h">
      <Filter>Header Files</Filter>
    </ClInclude>
    <ClInclude Include="MenuInicial.h">
      <Filter>Header Files\Telas</Filter>
    </ClInclude>
    <ClInclude Include="MapEditor.h">
      <Filter>Header Files\Telas</Filter>
    </ClInclude>
    <ClInclude Include="TowerDefense.h">
      <Filter>Header Files\Telas</Filter>
    </ClInclude>
    <ClInclude Include="Tela.h">
      <Filter>Header Files\Telas</Filter>
    </ClInclude>
    <ClInclude Include="GerenteTela.h">
      <Filter>Header Files\Telas</Filter>
    </ClInclude>
    <ClInclude Include="Ator.h">
      <Filter>Header Files\Atores</Filter>
    </ClInclude>
    <ClInclude Include="GerenteAtor.h">
      <Filter>Header Files\Atores</Filter>
    </ClInclude>
    <ClInclude Include="Menu.h">
      <Filter>Header Files\Menus</Filter>
    </ClInclude>
    <ClInclude Include="MenuToggle.h">
      <Filter>Header Files\Menus</Filter>
    </ClInclude>
    <ClInclude Include="MenuText.h">
      <Filter>Header Files\Menus</Filter>
    </ClInclude>
    <ClInclude Include="MenuButton.h">
      <Filter>Header Files\Menus</Filter>
    </ClInclude>
    <ClInclude Include="dirent.h">
      <Filter>Header Files</Filter>
    </ClInclude>
    <ClInclude Include="color.h">
      <Filter>Header Files</Filter>
    </ClInclude>
    <ClInclude Include="Inimigo.h">
      <Filter>Header Files\Atores\Inimigos</Filter>
    </ClInclude>
    <ClInclude Include="InimigoDemo.h">
      <Filter>Header Files\Atores\Inimigos</Filter>
    </ClInclude>
    <ClInclude Include="InimigoExemplo.h">
      <Filter>Header Files\Atores\Inimigos</Filter>
    </ClInclude>
    <ClInclude Include="Torre.h">
      <Filter>Header Files\Atores\Torres</Filter>
    </ClInclude>
    <ClInclude Include="Torre2.h">
      <Filter>Header Files\Atores\Torres</Filter>
    </ClInclude>
    <ClInclude Include="TorreDemo.h">
      <Filter>Header Files\Atores\Torres</Filter>
    </ClInclude>
    <ClInclude Include="TorreExemplo.h">
      <Filter>Header Files\Atores\Torres</Filter>
    </ClInclude>
    <ClInclude Include="ProjetilExemplo.h">
      <Filter>Header Files\Atores\Projéteis</Filter>
    </ClInclude>
    <ClInclude Include="Projetil.h">
      <Filter>Header Files\Atores\Projéteis</Filter>
    </ClInclude>
    <ClInclude Include="Coin.h">
      <Filter>Header Files\Atores</Filter>
    </ClInclude>
    <ClInclude Include="Tutorial.h">
      <Filter>Header Files\Telas</Filter>
    </ClInclude>
    <ClInclude Include="TDBase.h">
      <Filter>Header Files\Telas</Filter>
    </ClInclude>
    <ClInclude Include="ProjetilSplash.h">
      <Filter>Header Files\Atores\Projéteis</Filter>
    </ClInclude>
  </ItemGroup>
  <ItemGroup>
    <Image Include="imgs\torre2.bmp">
      <Filter>Resource Files</Filter>
    </Image>
    <Image Include="imgs\map.png">
      <Filter>Resource Files</Filter>
    </Image>
    <Image Include="imgs\mouse.png">
      <Filter>Resource Files</Filter>
    </Image>
    <Image Include="imgs\inimE.png">
      <Filter>Resource Files</Filter>
    </Image>
    <Image Include="imgs\projE.png">
      <Filter>Resource Files</Filter>
    </Image>
    <Image Include="imgs\torreE.png">
      <Filter>Resource Files</Filter>
    </Image>
    <Image Include="imgs\eheart.png">
      <Filter>Resource Files</Filter>
    </Image>
    <Image Include="imgs\heart.png">
      <Filter>Resource Files</Filter>
    </Image>
    <Image Include="imgs\OpenSymbol16.bmp">
      <Filter>Resource Files\fonte</Filter>
    </Image>
    <Image Include="imgs\OpenSymbol32.bmp">
      <Filter>Resource Files\fonte</Filter>
    </Image>
    <Image Include="imgs\OpenSymbol64.bmp">
      <Filter>Resource Files\fonte</Filter>
    </Image>
    <Image Include="imgs\tahoma16.bmp">
      <Filter>Resource Files\fonte</Filter>
    </Image>
    <Image Include="imgs\tahoma32.bmp">
      <Filter>Resource Files\fonte</Filter>
    </Image>
    <Image Include="imgs\tahoma64.bmp">
      <Filter>Resource Files\fonte</Filter>
    </Image>
    <Image Include="imgs\tahoma16r.bmp">
      <Filter>Resource Files\fonte</Filter>
    </Image>
    <Image Include="imgs\goldcoin.png">
      <Filter>Resource Files</Filter>
    </Image>
    <Image Include="imgs\goldcoins.png">
      <Filter>Resource Files</Filter>
    </Image>
  </ItemGroup>
  <ItemGroup>
    <Text Include="cores_double.txt">
      <Filter>Resource Files</Filter>
    </Text>
    <Text Include="cores_uchar.txt">
      <Filter>Resource Files</Filter>
    </Text>
  </ItemGroup>
  <ItemGroup>
    <Media Include="audio\Space.mp3">
      <Filter>Resource Files</Filter>
    </Media>
    <Media Include="audio\tiro.wav">
      <Filter>Resource Files</Filter>
    </Media>
  </ItemGroup>
</Project>